
Microsoft Visual Studio Solution File, Format Version 12.00
# Visual Studio Version 17
VisualStudioVersion = 17.14.36203.30 d17.14
MinimumVisualStudioVersion = 10.0.40219.1
Project("{FAE04EC0-301F-11D3-BF4B-00C04F79EFBC}") = "DumpEncryptionKey_ES3", "DumpEncryptionKey_ES3\DumpEncryptionKey_ES3.csproj", "{D4C3D8B9-8638-4BF3-9F4D-C7A3246D782A}"
EndProject
Global
	GlobalSection(SolutionConfigurationPlatforms) = preSolution
		Debug|Any CPU = Debug|Any CPU
		Release|Any CPU = Release|Any CPU
	EndGlobalSection
	GlobalSection(ProjectConfigurationPlatforms) = postSolution
		{D4C3D8B9-8638-4BF3-9F4D-C7A3246D782A}.Debug|Any CPU.ActiveCfg = Debug|Any CPU
		{D4C3D8B9-8638-4BF3-9F4D-C7A3246D782A}.Debug|Any CPU.Build.0 = Debug|Any CPU
		{D4C3D8B9-8638-4BF3-9F4D-C7A3246D782A}.Release|Any CPU.ActiveCfg = Release|Any CPU
		{D4C3D8B9-8638-4BF3-9F4D-C7A3246D782A}.Release|Any CPU.Build.0 = Release|Any CPU
	EndGlobalSection
	GlobalSection(SolutionProperties) = preSolution
		HideSolutionNode = FALSE
	EndGlobalSection
	GlobalSection(ExtensibilityGlobals) = postSolution
		SolutionGuid = {EEC397D6-BD64-4E3A-A32B-30C5D627C487}
	EndGlobalSection
EndGlobal
